PODS:
  - GDataXML-HTML (1.3.0)
  - mailcore2-ios (0.6.4)

DEPENDENCIES:
  - GDataXML-HTML (~> 1.3.0)
  - mailcore2-ios

SPEC CHECKSUMS:
  GDataXML-HTML: 7adc03668cab35c288f1dbb8929a179f0fece898
  mailcore2-ios: 3ff0be2fa553d4da9c11d39c11d51863c768f24f

PODFILE CHECKSUM: 37d93d010a20fa2bf5ac46245421929fdbb8d462

COCOAPODS: 1.0.0
